
Microsoft Visual Studio Solution File, Format Version 12.00
# Visual Studio Version 16
VisualStudioVersion = 25.0.1705.1
MinimumVisualStudioVersion = 10.0.40219.1
Project("{FAE04EC0-301F-11D3-BF4B-00C04F79EFBC}") = "day26", "day26\day26.csproj", "{75EB2226-C3CD-4E2A-A9ED-7C2C1DCD9764}"
EndProject
Project("{FAE04EC0-301F-11D3-BF4B-00C04F79EFBC}") = "MyLib", "MyLib\MyLib.csproj", "{7D633017-A8BC-4ECC-A6C0-22A0F565C960}"
EndProject
Global
	GlobalSection(SolutionConfigurationPlatforms) = preSolution
		Debug|Any CPU = Debug|Any CPU
		Release|Any CPU = Release|Any CPU
	EndGlobalSection
	GlobalSection(ProjectConfigurationPlatforms) = postSolution
		{75EB2226-C3CD-4E2A-A9ED-7C2C1DCD9764}.Debug|Any CPU.ActiveCfg = Debug|Any CPU
		{75EB2226-C3CD-4E2A-A9ED-7C2C1DCD9764}.Debug|Any CPU.Build.0 = Debug|Any CPU
		{75EB2226-C3CD-4E2A-A9ED-7C2C1DCD9764}.Release|Any CPU.ActiveCfg = Release|Any CPU
		{75EB2226-C3CD-4E2A-A9ED-7C2C1DCD9764}.Release|Any CPU.Build.0 = Release|Any CPU
		{7D633017-A8BC-4ECC-A6C0-22A0F565C960}.Debug|Any CPU.ActiveCfg = Debug|Any CPU
		{7D633017-A8BC-4ECC-A6C0-22A0F565C960}.Debug|Any CPU.Build.0 = Debug|Any CPU
		{7D633017-A8BC-4ECC-A6C0-22A0F565C960}.Release|Any CPU.ActiveCfg = Release|Any CPU
		{7D633017-A8BC-4ECC-A6C0-22A0F565C960}.Release|Any CPU.Build.0 = Release|Any CPU
	EndGlobalSection
	GlobalSection(SolutionProperties) = preSolution
		HideSolutionNode = FALSE
	EndGlobalSection
	GlobalSection(ExtensibilityGlobals) = postSolution
		SolutionGuid = {377B9472-6AA3-4534-B983-8CEA6BE33E50}
	EndGlobalSection
EndGlobal
