
Microsoft Visual Studio Solution File, Format Version 12.00
# Visual Studio Version 16
VisualStudioVersion = 25.0.1705.1
MinimumVisualStudioVersion = 10.0.40219.1
Project("{FAE04EC0-301F-11D3-BF4B-00C04F79EFBC}") = "day19", "day19\day19.csproj", "{3A07990D-5D82-4675-AB25-69B903B54EF2}"
EndProject
Global
	GlobalSection(SolutionConfigurationPlatforms) = preSolution
		Debug|Any CPU = Debug|Any CPU
		Release|Any CPU = Release|Any CPU
	EndGlobalSection
	GlobalSection(ProjectConfigurationPlatforms) = postSolution
		{3A07990D-5D82-4675-AB25-69B903B54EF2}.Debug|Any CPU.ActiveCfg = Debug|Any CPU
		{3A07990D-5D82-4675-AB25-69B903B54EF2}.Debug|Any CPU.Build.0 = Debug|Any CPU
		{3A07990D-5D82-4675-AB25-69B903B54EF2}.Release|Any CPU.ActiveCfg = Release|Any CPU
		{3A07990D-5D82-4675-AB25-69B903B54EF2}.Release|Any CPU.Build.0 = Release|Any CPU
	EndGlobalSection
	GlobalSection(SolutionProperties) = preSolution
		HideSolutionNode = FALSE
	EndGlobalSection
	GlobalSection(ExtensibilityGlobals) = postSolution
		SolutionGuid = {DF978E09-C7A9-486F-AE8E-612991E3A75F}
	EndGlobalSection
EndGlobal
